github.com/brunoga/unitybridge v0.0.0-20231112121107-7595095d6c09 h1:NqbRDUPGGQMYwMTpkwP/GdJVnqMmfP2YODyxTUCEspU=
github.com/brunoga/unitybridge v0.0.0-20231112121107-7595095d6c09/go.mod h1:YaBi8IkFl1ICF+E6vZAUPFimxh4o9VhZ5C1ISzh1Vsc=
github.com/brunoga/unitybridge v0.0.0-20231112184600-231b5c04dcdb h1:OMOEMIFE6/k7CEgrpMXG1eQXFDopEtRbu8Rwz5bLojQ=
github.com/brunoga/unitybridge v0.0.0-20231112184600-231b5c04dcdb/go.mod h1:YaBi8IkFl1ICF+E6vZAUPFimxh4o9VhZ5C1ISzh1Vsc=
github.com/brunoga/unitybridge v0.0.0-20231113195954-645997167e43 h1:rvFUcfT4UgEO9W/6hTNVMqOZKrngAOl3NofzZ8N6m3Q=
github.com/brunoga/unitybridge v0.0.0-20231113195954-645997167e43/go.mod h1:YaBi8IkFl1ICF+E6vZAUPFimxh4o9VhZ5C1ISzh1Vsc=
github.com/brunoga/unitybridge v0.0.0-20231113200728-d9eb23f4da2d h1:l4g7bsttdCB+SYLgU0QV0KrpF/kbFy/sdmuTYbIbF8I=
github.com/brunoga/unitybridge v0.0.0-20231113200728-d9eb23f4da2d/go.mod h1:YaBi8IkFl1ICF+E6vZAUPFimxh4o9VhZ5C1ISzh1Vsc=
github.com/brunoga/unitybridge v0.0.0-20231116205252-1c6851093adf h1:rf4tMNhgwImowCHTTIPVKVASPBfN/RQLyw/WgwGDf5k=
github.com/brunoga/unitybridge v0.0.0-20231116205252-1c6851093adf/go.mod h1:YaBi8IkFl1ICF+E6vZAUPFimxh4o9VhZ5C1ISzh1Vsc=
github.com/lmittmann/tint v1.0.3 h1:W5PHeA2D8bBJVvabNfQD/XW9HPLZK1XoPZH0cq8NouQ=
github.com/lmittmann/tint v1.0.3/go.mod h1:HIS3gSy7qNwGCj+5oRjAutErFBl4BzdQP6cJZ0NfMwE=
github.com/mattn/go-colorable v0.1.13 h1:fFA4WZxdEF4tXPZVKMLwD8oUnCTTo08duU7wxecdEvA=
github.com/mattn/go-colorable v0.1.13/go.mod h1:7S9/ev0klgBDR4GtXTXX8a3vIGJpMovkB8vQcUbaXHg=
github.com/mattn/go-isatty v0.0.16/go.mod h1:kYGgaQfpe5nmfYZH+SKPsOc2e4SrIfOl2e/yFXSvRLM=
github.com/mattn/go-isatty v0.0.20 h1:xfD0iDuEKnDkl03q4limB+vH+GxLEtL/jb4xVJSWWEY=
github.com/mattn/go-isatty v0.0.20/go.mod h1:W+V8PltTTMOvKvAeJH7IuucS94S2C6jfK/D7dTCTo3Y=
golang.org/x/sys v0.0.0-20220811171246-fbc7d0a398ab/go.mod h1:oPkhp1MJrh7nUepCBck5+mAzfO9JrbApNNgaTdGDITg=
golang.org/x/sys v0.6.0 h1:MVltZSvRTcU2ljQOhs94SXPftV6DCNnZViHeQps87pQ=
golang.org/x/sys v0.6.0/go.mod h1:oPkhp1MJrh7nUepCBck5+mAzfO9JrbApNNgaTdGDITg=
golang.org/x/sys v0.14.0 h1:Vz7Qs629MkJkGyHxUlRHizWJRG2j8fbQKjELVSNhy7Q=
golang.org/x/sys v0.14.0/go.mod h1:/VUhepiaJMQUp4+oa/7Zr1D23ma6VTLIYjOOTFZPUcA=
