github.com/brunoga/robomaster/sdk2 v0.0.0-20231212131921-1f42aa7e207b h1:5UqX+eqTqDpDZ/zFI91dZGBfbkGuHmbwWQ+1pncj5go=
github.com/brunoga/robomaster/sdk2 v0.0.0-20231212131921-1f42aa7e207b/go.mod h1:D+urfntLDYmyipVn9V5eC6k5K8ZuCASHVWrx0fqglSY=
github.com/brunoga/robomaster/sdk2 v0.0.0-20231213095756-97a9bec92c24 h1:gv+pcra71C/GZ5izzdaDsdzHyYVZvFjeEtv2huUIAVI=
github.com/brunoga/robomaster/sdk2 v0.0.0-20231213095756-97a9bec92c24/go.mod h1:D+urfntLDYmyipVn9V5eC6k5K8ZuCASHVWrx0fqglSY=
github.com/brunoga/robomaster/sdk2 v0.0.0-20231214185437-27d0fef30325 h1:cg2ze/DhU0WjioA3kTHkOjOYLa+W87rGtDa06eZtNac=
github.com/brunoga/robomaster/sdk2 v0.0.0-20231214185437-27d0fef30325/go.mod h1:2eAJQV0JKTdv6Sj+qQBvtB1rUMrHdUh6V/G5GUNRCus=
github.com/brunoga/robomaster/sdk2 v0.0.0-20231214194836-4974d54cba8c h1:dz+G4V3mQZCeqh1YB/A0JUzfigW77P51TfJ+I+ZmGTk=
github.com/brunoga/robomaster/sdk2 v0.0.0-20231214194836-4974d54cba8c/go.mod h1:2eAJQV0JKTdv6Sj+qQBvtB1rUMrHdUh6V/G5GUNRCus=
github.com/brunoga/robomaster/sdk2 v0.0.0-20231214212142-a5e325d18459 h1:3Yd84mJEG7/sGY2XJ8mGabTLxVEWg/oHeIDt9PThcg8=
github.com/brunoga/robomaster/sdk2 v0.0.0-20231214212142-a5e325d18459/go.mod h1:LO0EjdN1SQazVSFxDX+fz1ZQTgBUctE1F4EHfkijSqo=
github.com/brunoga/robomaster/unitybridge v0.0.0-20231205154826-224a16945b93 h1:zAuxwM/f0T6kQ/uhs1sfgXG+l8gacetRKs03rpHp2Wk=
github.com/brunoga/robomaster/unitybridge v0.0.0-20231205154826-224a16945b93/go.mod h1:BPIRmZv8fg097+W1vnKQ/ai/7CpoyWv+rK0WRGsmNok=
github.com/brunoga/robomaster/unitybridge v0.0.0-20231213131825-7fb853f981ee h1:2PzHUSpP37Jc+jqffQUcyog1T2A2cedED2+Bpf9VVoo=
github.com/brunoga/robomaster/unitybridge v0.0.0-20231213131825-7fb853f981ee/go.mod h1:BPIRmZv8fg097+W1vnKQ/ai/7CpoyWv+rK0WRGsmNok=
github.com/brunoga/robomaster/unitybridge v0.0.0-20231214185119-86e2604d8a88 h1:KwulLbXlqLAAwRnhIZZcHaa14K92ZjrFhW1kl1Wy0EU=
github.com/brunoga/robomaster/unitybridge v0.0.0-20231214185119-86e2604d8a88/go.mod h1:BPIRmZv8fg097+W1vnKQ/ai/7CpoyWv+rK0WRGsmNok=
github.com/davecgh/go-spew v1.1.1 h1:vj9j/u1bqnvCEfJOwUhtlOARqs3+rkHYY13jYWTU97c=
github.com/davecgh/go-spew v1.1.1/go.mod h1:J7Y8YcW2NihsgmVo/mv3lAwl/skON4iLHjSsI+c5H38=
github.com/hybridgroup/mjpeg v0.0.0-20140228234708-4680f319790e/go.mod h1:eagM805MRKrioHYuU7iKLUyFPVKqVV6um5DAvCkUtXs=
github.com/lmittmann/tint v1.0.3 h1:W5PHeA2D8bBJVvabNfQD/XW9HPLZK1XoPZH0cq8NouQ=
github.com/lmittmann/tint v1.0.3/go.mod h1:HIS3gSy7qNwGCj+5oRjAutErFBl4BzdQP6cJZ0NfMwE=
github.com/mattn/go-colorable v0.1.13 h1:fFA4WZxdEF4tXPZVKMLwD8oUnCTTo08duU7wxecdEvA=
github.com/mattn/go-colorable v0.1.13/go.mod h1:7S9/ev0klgBDR4GtXTXX8a3vIGJpMovkB8vQcUbaXHg=
github.com/mattn/go-isatty v0.0.16/go.mod h1:kYGgaQfpe5nmfYZH+SKPsOc2e4SrIfOl2e/yFXSvRLM=
github.com/mattn/go-isatty v0.0.20 h1:xfD0iDuEKnDkl03q4limB+vH+GxLEtL/jb4xVJSWWEY=
github.com/mattn/go-isatty v0.0.20/go.mod h1:W+V8PltTTMOvKvAeJH7IuucS94S2C6jfK/D7dTCTo3Y=
github.com/pascaldekloe/goe v0.1.0/go.mod h1:lzWF7FIEvWOWxwDKqyGYQf6ZUaNfKdP144TG7ZOy1lc=
github.com/pmezard/go-difflib v1.0.0 h1:4DBwDE0NGyQoBHbLQYPwSUPoCMWR5BEzIk/f1lZbAQM=
github.com/pmezard/go-difflib v1.0.0/go.mod h1:iKH77koFhYxTK1pcRnkKkqfTogsbg7gZNVY4sRDYZ/4=
github.com/stretchr/objx v0.5.0 h1:1zr/of2m5FGMsad5YfcqgdqdWrIhu+EBEJRhR1U7z/c=
github.com/stretchr/objx v0.5.0/go.mod h1:Yh+to48EsGEfYuaHDzXPcE3xhTkx73EhmCGUpEOglKo=
github.com/stretchr/testify v1.8.4 h1:CcVxjf3Q8PM0mHUKJCdn+eZZtm5yQwehR5yeSVQQcUk=
github.com/stretchr/testify v1.8.4/go.mod h1:sz/lmYIOXD/1dqDmKjjqLyZ2RngseejIcXlSw2iwfAo=
gocv.io/x/gocv v0.35.0 h1:Qaxb5KdVyy8Spl4S4K0SMZ6CVmKtbfoSGQAxRD3FZlw=
gocv.io/x/gocv v0.35.0/go.mod h1:oc6FvfYqfBp99p+yOEzs9tbYF9gOrAQSeL/dyIPefJU=
golang.org/x/sys v0.0.0-20220811171246-fbc7d0a398ab/go.mod h1:oPkhp1MJrh7nUepCBck5+mAzfO9JrbApNNgaTdGDITg=
golang.org/x/sys v0.6.0/go.mod h1:oPkhp1MJrh7nUepCBck5+mAzfO9JrbApNNgaTdGDITg=
golang.org/x/sys v0.15.0 h1:h48lPFYpsTvQJZF4EKyI4aLHaev3CxivZmv7yZig9pc=
golang.org/x/sys v0.15.0/go.mod h1:/VUhepiaJMQUp4+oa/7Zr1D23ma6VTLIYjOOTFZPUcA=
gopkg.in/yaml.v3 v3.0.1 h1:fxVm/GzAzEWqLHuvctI91KS9hhNmmWOoWu0XTYJS7CA=
gopkg.in/yaml.v3 v3.0.1/go.mod h1:K4uyk7z7BCEPqu6E+C64Yfv1cQ7kz7rIZviUmN+EgEM=
